github.com/gethugothemes/hugo-modules/adsense v0.0.0-20260701054856-10b1d2cdc11a h1:CP8AypNySvTELJNwgRfUbrgNSZE5u/keX24mubOx27A=
github.com/gethugothemes/hugo-modules/adsense v0.0.0-20260701054856-10b1d2cdc11a/go.mod h1:8p/gG/cyyu20z4q5cFN/JGE5TOFA55Xsp+aIP9KCsqo=
github.com/gethugothemes/hugo-modules/components/custom-script v0.0.0-20260701054856-10b1d2cdc11a h1:eMXGt1om50PHnpKZJ7W1aH+PSjolq0mRWwEhWvTbPXo=
github.com/gethugothemes/hugo-modules/components/custom-script v0.0.0-20260701054856-10b1d2cdc11a/go.mod h1:RuDHq4WnK8sNEzAIJr4BZQ7oXhzcct/EKaAxc2Xvi9E=
github.com/gethugothemes/hugo-modules/components/preloader v0.0.0-20260701054856-10b1d2cdc11a h1:wsHBKJfKYz4EZQMPDIxXc0rxBADFhJIVxvHBqH+gv44=
github.com/gethugothemes/hugo-modules/components/preloader v0.0.0-20260701054856-10b1d2cdc11a/go.mod h1:FP0iQ3tMOesuWFZhLst2KEvUEYPb5Jk1GW+QBP9lrwg=
github.com/gethugothemes/hugo-modules/components/render-link v0.0.0-20260701054856-10b1d2cdc11a h1:1TcNczCYdwy4JuQ26u+ZJ2SJGwBdQw4DpeFN7d1FhZA=
github.com/gethugothemes/hugo-modules/components/render-link v0.0.0-20260701054856-10b1d2cdc11a/go.mod h1:z3YcIeEBUonAoRDY1/Jv1ojNVkZ5ud35a0Nn8L4Inx0=
github.com/gethugothemes/hugo-modules/gzip-caching v0.0.0-20260701054856-10b1d2cdc11a h1:2tQ+Ral2KiHbWn7kfng8E76zfYVqMhCEa+/uz6TlZpo=
github.com/gethugothemes/hugo-modules/gzip-caching v0.0.0-20260701054856-10b1d2cdc11a/go.mod h1:0ZMjTZVG4XLZU2/icc8Saqo4mmgMpfRTrUZU2Aa2Pwg=
github.com/gethugothemes/hugo-modules/icons/font-awesome v0.0.0-20260701054856-10b1d2cdc11a h1:OtjIZkcZDwBLcR0wYGowOvyi+0lo/BGjjG6Y023VU+Q=
github.com/gethugothemes/hugo-modules/icons/font-awesome v0.0.0-20260701054856-10b1d2cdc11a/go.mod h1:d3gy1vQyfasPmGpau7HpQLrXbOv23PfXclSnjyOBxeU=
github.com/gethugothemes/hugo-modules/images v0.0.0-20260701054856-10b1d2cdc11a h1:45dDjsFlAsEc4KtQ6ve0JT9nh8f7cwWiNCpA5DF+09c=
github.com/gethugothemes/hugo-modules/images v0.0.0-20260701054856-10b1d2cdc11a/go.mod h1:FKliP3qOW9diIcQeLtyZ0Hdhg3PL8bdAkC/6O+XtU90=
github.com/gethugothemes/hugo-modules/pwa v0.0.0-20260701054856-10b1d2cdc11a h1:pb8+f4krg6/59t/GaeiKXI2q8u5AvsKBUlgEZG+nWXo=
github.com/gethugothemes/hugo-modules/pwa v0.0.0-20260701054856-10b1d2cdc11a/go.mod h1:TRv7iszdfo37O1PbBEE+S8X/enAdpRIxK5DGrp13Qbo=
github.com/gethugothemes/hugo-modules/seo-tools/baidu-analytics v0.0.0-20260701054856-10b1d2cdc11a h1:v380Xp4g1exzBlkC7kpl9m6Uu310jQWzIvE4IEHtpKA=
github.com/gethugothemes/hugo-modules/seo-tools/baidu-analytics v0.0.0-20260701054856-10b1d2cdc11a/go.mod h1:D/bbq2hSHE+r582zpC3rEdvuk8GufDnq9sGL3xCk/C0=
github.com/gethugothemes/hugo-modules/seo-tools/basic-seo v0.0.0-20260701054856-10b1d2cdc11a h1:tETzzWBaW/ClbEuXfJKTMUJlTWU40+EujTtsriBFlrA=
github.com/gethugothemes/hugo-modules/seo-tools/basic-seo v0.0.0-20260701054856-10b1d2cdc11a/go.mod h1:Q8dPgjamV7pxwKSQyWV21Xwh5CGi23/k+M8HPTphYbs=
github.com/gethugothemes/hugo-modules/seo-tools/counter-analytics v0.0.0-20260701054856-10b1d2cdc11a h1:k50LAf4+8pBRpzfNRU/oQbcxEP/+RrOOPTx0eOplbn0=
github.com/gethugothemes/hugo-modules/seo-tools/counter-analytics v0.0.0-20260701054856-10b1d2cdc11a/go.mod h1:3kPooRg0PWUkciccThPQbBvIpTfSCo7W9mc3a5GxXHs=
github.com/gethugothemes/hugo-modules/seo-tools/google-tag-manager v0.0.0-20260701054856-10b1d2cdc11a h1:g/YJtk6RHca1MFkDTz8U67WbtkVeRPlGYHoN+ySoR9Y=
github.com/gethugothemes/hugo-modules/seo-tools/google-tag-manager v0.0.0-20260701054856-10b1d2cdc11a/go.mod h1:cCq50yd55eFTrpqOfeyOK5X0hU5E7qxsqOD7IzTsgLA=
github.com/gethugothemes/hugo-modules/seo-tools/matomo-analytics v0.0.0-20260701054856-10b1d2cdc11a h1:hFbRfD1WwRA/LEXj4I3mwFJ3lpqGRTvEEMgwx8mukEM=
github.com/gethugothemes/hugo-modules/seo-tools/matomo-analytics v0.0.0-20260701054856-10b1d2cdc11a/go.mod h1:P2GLltWjXFBJlatFKh4l6WOBszW7+f09myLkZoBBgEs=
github.com/gethugothemes/hugo-modules/seo-tools/plausible-analytics v0.0.0-20260701054856-10b1d2cdc11a h1:vkYPxQuN8tEdSG0Vha/XYJ1Jmh7CkZAXvWgtGuAz228=
github.com/gethugothemes/hugo-modules/seo-tools/plausible-analytics v0.0.0-20260701054856-10b1d2cdc11a/go.mod h1:MOJtK8ttzyqQiqs0xQkk6xgPaxGbcH7WI5thobpNvqg=
github.com/gethugothemes/hugo-modules/seo-tools/site-verifications v0.0.0-20260701054856-10b1d2cdc11a h1:QZsX+rDGvZVM9n7/BstVyDL1rTtFBIE7GbijVaZQWNY=
github.com/gethugothemes/hugo-modules/seo-tools/site-verifications v0.0.0-20260701054856-10b1d2cdc11a/go.mod h1:iXielaya126qJscz7Bc2G2WB91moloQOoWru6UoBUyE=
github.com/gethugothemes/hugo-modules/shortcodes/buttons v0.0.0-20230118054910-c9f5a8fed209 h1:Sg1tZNjVZcca/AaIWQA41JnNqVcwVRHyvAVBRkKEBfo=
github.com/gethugothemes/hugo-modules/shortcodes/buttons v0.0.0-20230118054910-c9f5a8fed209/go.mod h1:hK/aFl0KkirVRFYnljg3c0qBAOwk4W5Isd+YN7UDMvg=
github.com/gethugothemes/hugo-modules/shortcodes/codepen v0.0.0-20260701054856-10b1d2cdc11a h1:KBOECvMUfdiyDdj1sG8q8ot3vacQ3jCqNi5nSG8HDfw=
github.com/gethugothemes/hugo-modules/shortcodes/codepen v0.0.0-20260701054856-10b1d2cdc11a/go.mod h1:Y4eAJ7fkCSC6k6fl1+qF4DIoRepAYyB9Om4kBCAixcg=
github.com/gethugothemes/hugo-modules/shortcodes/collapse v0.0.0-20230118054910-c9f5a8fed209 h1:mnrzJbMVZ2Gk94J4UursDHgPTQakq8KpezqHReg9Ji0=
github.com/gethugothemes/hugo-modules/shortcodes/collapse v0.0.0-20230118054910-c9f5a8fed209/go.mod h1:rBCFuR+QzMk0S1npR0zVDzgocFncOmyxWToJlRw4ZxU=
github.com/gethugothemes/hugo-modules/shortcodes/gallery v0.0.0-20230118054910-c9f5a8fed209 h1:XarOzjboVM8hsyCi4WGHeNXzVzcDZXt8E4uZOUEJU+o=
github.com/gethugothemes/hugo-modules/shortcodes/gallery v0.0.0-20230118054910-c9f5a8fed209/go.mod h1:nPS/s/W7rrOwgt46g4/tOkBhiJzg61M6AzUbGbNTNKY=
github.com/gethugothemes/hugo-modules/shortcodes/image v0.0.0-20230118054910-c9f5a8fed209 h1:vOhjJvQVVei3F3wsJhqBASR/cJPn6JtVC5VXsIcJN0w=
github.com/gethugothemes/hugo-modules/shortcodes/image v0.0.0-20230118054910-c9f5a8fed209/go.mod h1:CvUvHWRzyxRgElLI2cyo9ZYAqExHsKjCiITbuVsKkuE=
github.com/gethugothemes/hugo-modules/shortcodes/notice v0.0.0-20260701054856-10b1d2cdc11a h1:yP6E/swguwKOGIZ2kgi7hqDQyBD4T4TlcW4vqInHTZA=
github.com/gethugothemes/hugo-modules/shortcodes/notice v0.0.0-20260701054856-10b1d2cdc11a/go.mod h1:ljWyMJx82WA+6SlKjbGFhEdxcriyvUTCjXkJHDa4lho=
github.com/gethugothemes/hugo-modules/shortcodes/table-of-contents v0.0.0-20230118054910-c9f5a8fed209 h1:VgaC2tf1qOKN9WiH9gYbhfq5+/AGXoupBuesmO91Ju4=
github.com/gethugothemes/hugo-modules/shortcodes/table-of-contents v0.0.0-20230118054910-c9f5a8fed209/go.mod h1:LKCp/rg9cHtfjHpIEYmpR8kuauI8JNN79nmdkFURXp0=
github.com/gethugothemes/hugo-modules/shortcodes/tabs v0.0.0-20230118054910-c9f5a8fed209 h1:3BAGjjqhg0FHc+wwxMr7sQOAbUrw9qFRUt/1wkz7wlE=
github.com/gethugothemes/hugo-modules/shortcodes/tabs v0.0.0-20230118054910-c9f5a8fed209/go.mod h1:zaQhvQgsSOWfSm/zP3NbWWEfrxgrcdpBblljz2IA2vA=
github.com/gethugothemes/hugo-modules/shortcodes/video v0.0.0-20230118054910-c9f5a8fed209 h1:nHzTrL5CuKo4H6k8el7WRppS42wVBauL70G2R2Twi1g=
github.com/gethugothemes/hugo-modules/shortcodes/video v0.0.0-20230118054910-c9f5a8fed209/go.mod h1:s5CHMBd7/NalnckFfRhZJvqXPY/QTrluDvRgZm7+Cr0=
github.com/gethugothemes/hugo-modules/shortcodes/vimeo-lite v0.0.0-20230118054910-c9f5a8fed209 h1:k7IF3dztKg4YqPmVFyR8ROV5/OUORpdbdp6e/MHp3bQ=
github.com/gethugothemes/hugo-modules/shortcodes/vimeo-lite v0.0.0-20230118054910-c9f5a8fed209/go.mod h1:Ac9Ell5o+JV5DZ9dBgW767ZcSvoz/x+2UuFLvMoThwk=
github.com/gethugothemes/hugo-modules/shortcodes/youtube-lite v0.0.0-20230118054910-c9f5a8fed209 h1:Ag6iZmHbFUBD11yJHWd3tBjn72ABZXjt4Gh7254GpAI=
github.com/gethugothemes/hugo-modules/shortcodes/youtube-lite v0.0.0-20230118054910-c9f5a8fed209/go.mod h1:DtWNw6au8NQg1Y0x470DstCHqjWZPnwm61Uu6ZIMy50=
github.com/gohugoio/hugo-mod-bootstrap-scss/v5 v5.20300.20800 h1:j5myhhzYwIHTr5ctK96Elfgp5uRROvrlTzYwwe1nF8o=
github.com/gohugoio/hugo-mod-bootstrap-scss/v5 v5.20300.20800/go.mod h1:P5GGyhdxi00C5zW7vkRo/IS532gZY/YS2TS395Xaxho=
github.com/gohugoio/hugo-mod-jslibs-dist/popperjs/v2 v2.21100.20000 h1:GZxx4Hc+yb0/t3/rau1j8XlAxLE4CyXns2fqQbyqWfs=
github.com/gohugoio/hugo-mod-jslibs-dist/popperjs/v2 v2.21100.20000/go.mod h1:mFberT6ZtcchrsDtfvJM7aAH2bDKLdOnruUHl0hlapI=
github.com/twbs/bootstrap v5.3.8+incompatible h1:eK1fsXP7R/FWFt+sSNmmvUH9usPocf240nWVw7Dh02o=
github.com/twbs/bootstrap v5.3.8+incompatible/go.mod h1:fZTSrkpSf0/HkL0IIJzvVspTt1r9zuf7XlZau8kpcY0=
